<?xml version="1.0" encoding="utf-8"?>
<Project ToolsVersion="4.0" xmlns="http://schemas.microsoft.com/developer/msbuild/2003">
  <ItemGroup>
    <Filter Include="Core">
      <UniqueIdentifier>{2EB4837C-1AEB-840D-C3D7-6A10AFED000F}</UniqueIdentifier>
    </Filter>
    <Filter Include="Core\Graphics">
      <UniqueIdentifier>{2E10C882-9AD0-43B9-630B-8D36CF8A8895}</UniqueIdentifier>
    </Filter>
    <Filter Include="Core\Graphics\Command">
      <UniqueIdentifier>{3CD7A610-A843-620B-7137-FA68DD628473}</UniqueIdentifier>
    </Filter>
    <Filter Include="Core\Graphics\DescriptorHeap">
      <UniqueIdentifier>{5A7F9FD2-463A-8F7E-EFF1-07C9DB8BD90E}</UniqueIdentifier>
    </Filter>
    <Filter Include="Core\Graphics\Pipeline">
      <UniqueIdentifier>{13CC705D-FFC5-99AF-E832-30C0D4CBFF1B}</UniqueIdentifier>
    </Filter>
    <Filter Include="Core\Graphics\Resource">
      <UniqueIdentifier>{0506C509-F1FF-ED5B-DA6C-846CC60554C8}</UniqueIdentifier>
    </Filter>
    <Filter Include="Core\Math">
      <UniqueIdentifier>{C7E5BF15-3350-748C-7C8E-2532E83752E1}</UniqueIdentifier>
    </Filter>
    <Filter Include="Core\Shaders">
      <UniqueIdentifier>{0727380C-F389-C7B0-9C0F-006788519333}</UniqueIdentifier>
    </Filter>
    <Filter Include="Core\Util">
      <UniqueIdentifier>{3B98C415-A702-798C-F040-2A325CEA56E1}</UniqueIdentifier>
    </Filter>
  </ItemGroup>
  <ItemGroup>
    <ClInclude Include="Core\BufferManager.h">
      <Filter>Core\Graphics\Resource</Filter>
    </ClInclude>
    <ClInclude Include="Core\Color.h">
      <Filter>Core\Graphics</Filter>
    </ClInclude>
    <ClInclude Include="Core\Colorbuffer.h">
      <Filter>Core\Graphics\Resource</Filter>
    </ClInclude>
    <ClInclude Include="Core\CommandAllocatorPool.h">
      <Filter>Core\Graphics\Command</Filter>
    </ClInclude>
    <ClInclude Include="Core\CommandContext.h">
      <Filter>Core\Graphics\Command</Filter>
    </ClInclude>
    <ClInclude Include="Core\CommandListManager.h">
      <Filter>Core\Graphics\Command</Filter>
    </ClInclude>
    <ClInclude Include="Core\DepthBuffer.h">
      <Filter>Core\Graphics\Resource</Filter>
    </ClInclude>
    <ClInclude Include="Core\DescriptorHeap.h">
      <Filter>Core\Graphics\DescriptorHeap</Filter>
    </ClInclude>
    <ClInclude Include="Core\Display.h">
      <Filter>Core\Graphics</Filter>
    </ClInclude>
    <ClInclude Include="Core\DynamicDescriptorHeap.h">
      <Filter>Core\Graphics\DescriptorHeap</Filter>
    </ClInclude>
    <ClInclude Include="Core\EngineTuning.h">
      <Filter>Core</Filter>
    </ClInclude>
    <ClInclude Include="Core\EsramAllocator.h">
      <Filter>Core\Graphics\Resource</Filter>
    </ClInclude>
    <ClInclude Include="Core\GameCore.h">
      <Filter>Core\Graphics</Filter>
    </ClInclude>
    <ClInclude Include="Core\GameInput.h">
      <Filter>Core</Filter>
    </ClInclude>
    <ClInclude Include="Core\GeometryGeneratorOld.h">
      <Filter>Core</Filter>
    </ClInclude>
    <ClInclude Include="Core\GpuBuffer.h">
      <Filter>Core\Graphics\Resource</Filter>
    </ClInclude>
    <ClInclude Include="Core\GpuResource.h">
      <Filter>Core\Graphics\Resource</Filter>
    </ClInclude>
    <ClInclude Include="Core\GpuTimeManager.h">
      <Filter>Core</Filter>
    </ClInclude>
    <ClInclude Include="Core\GraphicsCommon.h">
      <Filter>Core</Filter>
    </ClInclude>
    <ClInclude Include="Core\GraphicsCore.h">
      <Filter>Core\Graphics</Filter>
    </ClInclude>
    <ClInclude Include="Core\Hash.h">
      <Filter>Core\Graphics</Filter>
    </ClInclude>
    <ClInclude Include="Core\ImguiManager.h">
      <Filter>Core</Filter>
    </ClInclude>
    <ClInclude Include="Core\LinearAllocator.h">
      <Filter>Core\Graphics\Resource</Filter>
    </ClInclude>
    <ClInclude Include="Core\Log.h">
      <Filter>Core</Filter>
    </ClInclude>
    <ClInclude Include="Core\Math\BoundingPlane.h">
      <Filter>Core\Math</Filter>
    </ClInclude>
    <ClInclude Include="Core\Math\BoundingSphere.h">
      <Filter>Core\Math</Filter>
    </ClInclude>
    <ClInclude Include="Core\Math\Common.h">
      <Filter>Core\Math</Filter>
    </ClInclude>
    <ClInclude Include="Core\Math\Frustum.h">
      <Filter>Core\Math</Filter>
    </ClInclude>
    <ClInclude Include="Core\Math\Functions.inl">
      <Filter>Core\Math</Filter>
    </ClInclude>
    <ClInclude Include="Core\Math\Matrix3.h">
      <Filter>Core\Math</Filter>
    </ClInclude>
    <ClInclude Include="Core\Math\Matrix4.h">
      <Filter>Core\Math</Filter>
    </ClInclude>
    <ClInclude Include="Core\Math\Quaternion.h">
      <Filter>Core\Math</Filter>
    </ClInclude>
    <ClInclude Include="Core\Math\Random.h">
      <Filter>Core\Math</Filter>
    </ClInclude>
    <ClInclude Include="Core\Math\Scalar.h">
      <Filter>Core\Math</Filter>
    </ClInclude>
    <ClInclude Include="Core\Math\Transform.h">
      <Filter>Core\Math</Filter>
    </ClInclude>
    <ClInclude Include="Core\Math\Vector.h">
      <Filter>Core\Math</Filter>
    </ClInclude>
    <ClInclude Include="Core\PipelineState.h">
      <Filter>Core\Graphics\Pipeline</Filter>
    </ClInclude>
    <ClInclude Include="Core\PixelBuffer.h">
      <Filter>Core\Graphics\Resource</Filter>
    </ClInclude>
    <ClInclude Include="Core\ReadBackBuffer.h">
      <Filter>Core\Graphics\Resource</Filter>
    </ClInclude>
    <ClInclude Include="Core\RootSignature.h">
      <Filter>Core\Graphics\Pipeline</Filter>
    </ClInclude>
    <ClInclude Include="Core\SamplerManager.h">
      <Filter>Core\Graphics\Pipeline</Filter>
    </ClInclude>
    <ClInclude Include="Core\SystemTime.h">
      <Filter>Core\Graphics</Filter>
    </ClInclude>
    <ClInclude Include="Core\UploadBuffer.h">
      <Filter>Core\Graphics\Resource</Filter>
    </ClInclude>
    <ClInclude Include="Core\Util\CommandLineArg.h">
      <Filter>Core\Util</Filter>
    </ClInclude>
    <ClInclude Include="Core\Utility.h">
      <Filter>Core\Graphics</Filter>
    </ClInclude>
    <ClInclude Include="Core\VectorMath.h">
      <Filter>Core\Graphics</Filter>
    </ClInclude>
    <ClInclude Include="Core\crpch.h">
      <Filter>Core\Graphics</Filter>
    </ClInclude>
    <ClInclude Include="Core\d3dx12.h">
      <Filter>Core\Graphics</Filter>
    </ClInclude>
  </ItemGroup>
  <ItemGroup>
    <ClCompile Include="Core\BufferManager.cpp">
      <Filter>Core\Graphics\Resource</Filter>
    </ClCompile>
    <ClCompile Include="Core\Color.cpp">
      <Filter>Core\Graphics</Filter>
    </ClCompile>
    <ClCompile Include="Core\ColorBuffer.cpp">
      <Filter>Core\Graphics\Resource</Filter>
    </ClCompile>
    <ClCompile Include="Core\CommandAllocatorPool.cpp">
      <Filter>Core\Graphics\Command</Filter>
    </ClCompile>
    <ClCompile Include="Core\CommandContext.cpp">
      <Filter>Core\Graphics\Command</Filter>
    </ClCompile>
    <ClCompile Include="Core\CommandListManager.cpp">
      <Filter>Core\Graphics\Command</Filter>
    </ClCompile>
    <ClCompile Include="Core\DepthBuffer.cpp">
      <Filter>Core\Graphics\Resource</Filter>
    </ClCompile>
    <ClCompile Include="Core\DescriptorHeap.cpp">
      <Filter>Core\Graphics\DescriptorHeap</Filter>
    </ClCompile>
    <ClCompile Include="Core\Display.cpp">
      <Filter>Core\Graphics</Filter>
    </ClCompile>
    <ClCompile Include="Core\DynamicDecriptorHeap.cpp">
      <Filter>Core\Graphics\DescriptorHeap</Filter>
    </ClCompile>
    <ClCompile Include="Core\EngineTuning.cpp">
      <Filter>Core</Filter>
    </ClCompile>
    <ClCompile Include="Core\GameCore.cpp">
      <Filter>Core\Graphics</Filter>
    </ClCompile>
    <ClCompile Include="Core\GameInput.cpp">
      <Filter>Core</Filter>
    </ClCompile>
    <ClCompile Include="Core\GeometryGeneratorOld.cpp">
      <Filter>Core</Filter>
    </ClCompile>
    <ClCompile Include="Core\GpuBuffer.cpp">
      <Filter>Core\Graphics\Resource</Filter>
    </ClCompile>
    <ClCompile Include="Core\GpuTimeManager.cpp">
      <Filter>Core</Filter>
    </ClCompile>
    <ClCompile Include="Core\GraphicsCommon.cpp">
      <Filter>Core</Filter>
    </ClCompile>
    <ClCompile Include="Core\GraphicsCore.cpp">
      <Filter>Core\Graphics</Filter>
    </ClCompile>
    <ClCompile Include="Core\ImguiManager.cpp">
      <Filter>Core</Filter>
    </ClCompile>
    <ClCompile Include="Core\LinearAllocator.cpp">
      <Filter>Core\Graphics\Resource</Filter>
    </ClCompile>
    <ClCompile Include="Core\Log.cpp">
      <Filter>Core</Filter>
    </ClCompile>
    <ClCompile Include="Core\Math\Frustum.cpp">
      <Filter>Core\Math</Filter>
    </ClCompile>
    <ClCompile Include="Core\Math\Random.cpp">
      <Filter>Core\Math</Filter>
    </ClCompile>
    <ClCompile Include="Core\PipelineState.cpp">
      <Filter>Core\Graphics\Pipeline</Filter>
    </ClCompile>
    <ClCompile Include="Core\PixelBuffer.cpp">
      <Filter>Core\Graphics\Resource</Filter>
    </ClCompile>
    <ClCompile Include="Core\ReadBackBuffer.cpp">
      <Filter>Core\Graphics\Resource</Filter>
    </ClCompile>
    <ClCompile Include="Core\RootSignature.cpp">
      <Filter>Core\Graphics\Pipeline</Filter>
    </ClCompile>
    <ClCompile Include="Core\SamplerManager.cpp">
      <Filter>Core\Graphics\Pipeline</Filter>
    </ClCompile>
    <ClCompile Include="Core\SystemTime.cpp">
      <Filter>Core\Graphics</Filter>
    </ClCompile>
    <ClCompile Include="Core\UploadBuffer.cpp">
      <Filter>Core\Graphics\Resource</Filter>
    </ClCompile>
    <ClCompile Include="Core\Util\CommandLineArg.cpp">
      <Filter>Core\Util</Filter>
    </ClCompile>
    <ClCompile Include="Core\Utility.cpp">
      <Filter>Core\Graphics</Filter>
    </ClCompile>
    <ClCompile Include="Core\crpch.cpp">
      <Filter>Core\Graphics</Filter>
    </ClCompile>
  </ItemGroup>
  <ItemGroup>
    <FxCompile Include="Core\Shaders\AdaptExposureCS.hlsl">
      <Filter>Core\Shaders</Filter>
    </FxCompile>
    <FxCompile Include="Core\Shaders\AoBlurUpsampleBlendOutCS.hlsl">
      <Filter>Core\Shaders</Filter>
    </FxCompile>
    <FxCompile Include="Core\Shaders\AoBlurUpsampleCS.hlsl">
      <Filter>Core\Shaders</Filter>
    </FxCompile>
    <FxCompile Include="Core\Shaders\AoBlurUpsamplePreMinBlendOutCS.hlsl">
      <Filter>Core\Shaders</Filter>
    </FxCompile>
    <FxCompile Include="Core\Shaders\AoBlurUpsamplePreMinCS.hlsl">
      <Filter>Core\Shaders</Filter>
    </FxCompile>
    <FxCompile Include="Core\Shaders\AoPrepareDepthBuffers1CS.hlsl">
      <Filter>Core\Shaders</Filter>
    </FxCompile>
    <FxCompile Include="Core\Shaders\AoPrepareDepthBuffers2CS.hlsl">
      <Filter>Core\Shaders</Filter>
    </FxCompile>
    <FxCompile Include="Core\Shaders\AoRender1CS.hlsl">
      <Filter>Core\Shaders</Filter>
    </FxCompile>
    <FxCompile Include="Core\Shaders\AoRender2CS.hlsl">
      <Filter>Core\Shaders</Filter>
    </FxCompile>
    <FxCompile Include="Core\Shaders\ApplyBloom2CS.hlsl">
      <Filter>Core\Shaders</Filter>
    </FxCompile>
    <FxCompile Include="Core\Shaders\ApplyBloomCS.hlsl">
      <Filter>Core\Shaders</Filter>
    </FxCompile>
    <FxCompile Include="Core\Shaders\AverageLumaCS.hlsl">
      <Filter>Core\Shaders</Filter>
    </FxCompile>
    <FxCompile Include="Core\Shaders\BicubicHorizontalUpsamplePS.hlsl">
      <Filter>Core\Shaders</Filter>
    </FxCompile>
    <FxCompile Include="Core\Shaders\BicubicUpsampleCS.hlsl">
      <Filter>Core\Shaders</Filter>
    </FxCompile>
    <FxCompile Include="Core\Shaders\BicubicUpsampleFast16CS.hlsl">
      <Filter>Core\Shaders</Filter>
    </FxCompile>
    <FxCompile Include="Core\Shaders\BicubicUpsampleFast24CS.hlsl">
      <Filter>Core\Shaders</Filter>
    </FxCompile>
    <FxCompile Include="Core\Shaders\BicubicUpsampleFast32CS.hlsl">
      <Filter>Core\Shaders</Filter>
    </FxCompile>
    <FxCompile Include="Core\Shaders\BicubicUpsampleGammaPS.hlsl">
      <Filter>Core\Shaders</Filter>
    </FxCompile>
    <FxCompile Include="Core\Shaders\BicubicUpsamplePS.hlsl">
      <Filter>Core\Shaders</Filter>
    </FxCompile>
    <FxCompile Include="Core\Shaders\BicubicVerticalUpsamplePS.hlsl">
      <Filter>Core\Shaders</Filter>
    </FxCompile>
    <FxCompile Include="Core\Shaders\BilinearUpsamplePS.hlsl">
      <Filter>Core\Shaders</Filter>
    </FxCompile>
    <FxCompile Include="Core\Shaders\Bitonic32InnerSortCS.hlsl">
      <Filter>Core\Shaders</Filter>
    </FxCompile>
    <FxCompile Include="Core\Shaders\Bitonic32OuterSortCS.hlsl">
      <Filter>Core\Shaders</Filter>
    </FxCompile>
    <FxCompile Include="Core\Shaders\Bitonic32PreSortCS.hlsl">
      <Filter>Core\Shaders</Filter>
    </FxCompile>
    <FxCompile Include="Core\Shaders\Bitonic64InnerSortCS.hlsl">
      <Filter>Core\Shaders</Filter>
    </FxCompile>
    <FxCompile Include="Core\Shaders\Bitonic64OuterSortCS.hlsl">
      <Filter>Core\Shaders</Filter>
    </FxCompile>
    <FxCompile Include="Core\Shaders\Bitonic64PreSortCS.hlsl">
      <Filter>Core\Shaders</Filter>
    </FxCompile>
    <FxCompile Include="Core\Shaders\BitonicIndirectArgsCS.hlsl">
      <Filter>Core\Shaders</Filter>
    </FxCompile>
    <FxCompile Include="Core\Shaders\BlendUIHDRPS.hlsl">
      <Filter>Core\Shaders</Filter>
    </FxCompile>
    <FxCompile Include="Core\Shaders\BloomExtractAndDownsampleHdrCS.hlsl">
      <Filter>Core\Shaders</Filter>
    </FxCompile>
    <FxCompile Include="Core\Shaders\BloomExtractAndDownsampleLdrCS.hlsl">
      <Filter>Core\Shaders</Filter>
    </FxCompile>
    <FxCompile Include="Core\Shaders\BlurCS.hlsl">
      <Filter>Core\Shaders</Filter>
    </FxCompile>
    <FxCompile Include="Core\Shaders\BoundNeighborhoodCS.hlsl">
      <Filter>Core\Shaders</Filter>
    </FxCompile>
    <FxCompile Include="Core\Shaders\BufferCopyPS.hlsl">
      <Filter>Core\Shaders</Filter>
    </FxCompile>
    <FxCompile Include="Core\Shaders\CameraMotionBlurPrePassCS.hlsl">
      <Filter>Core\Shaders</Filter>
    </FxCompile>
    <FxCompile Include="Core\Shaders\CameraMotionBlurPrePassLinearZCS.hlsl">
      <Filter>Core\Shaders</Filter>
    </FxCompile>
    <FxCompile Include="Core\Shaders\CameraVelocityCS.hlsl">
      <Filter>Core\Shaders</Filter>
    </FxCompile>
    <FxCompile Include="Core\Shaders\CompositeHDRPS.hlsl">
      <Filter>Core\Shaders</Filter>
    </FxCompile>
    <FxCompile Include="Core\Shaders\CompositeSDRPS.hlsl">
      <Filter>Core\Shaders</Filter>
    </FxCompile>
    <FxCompile Include="Core\Shaders\CopyBackPostBufferCS.hlsl">
      <Filter>Core\Shaders</Filter>
    </FxCompile>
    <FxCompile Include="Core\Shaders\DebugDrawHistogramCS.hlsl">
      <Filter>Core\Shaders</Filter>
    </FxCompile>
    <FxCompile Include="Core\Shaders\DebugLuminanceHdr2CS.hlsl">
      <Filter>Core\Shaders</Filter>
    </FxCompile>
    <FxCompile Include="Core\Shaders\DebugLuminanceHdrCS.hlsl">
      <Filter>Core\Shaders</Filter>
    </FxCompile>
    <FxCompile Include="Core\Shaders\DebugLuminanceLdr2CS.hlsl">
      <Filter>Core\Shaders</Filter>
    </FxCompile>
    <FxCompile Include="Core\Shaders\DebugLuminanceLdrCS.hlsl">
      <Filter>Core\Shaders</Filter>
    </FxCompile>
    <FxCompile Include="Core\Shaders\DebugSSAOCS.hlsl">
      <Filter>Core\Shaders</Filter>
    </FxCompile>
    <FxCompile Include="Core\Shaders\DoFCombine2CS.hlsl">
      <Filter>Core\Shaders</Filter>
    </FxCompile>
    <FxCompile Include="Core\Shaders\DoFCombineCS.hlsl">
      <Filter>Core\Shaders</Filter>
    </FxCompile>
    <FxCompile Include="Core\Shaders\DoFCombineFast2CS.hlsl">
      <Filter>Core\Shaders</Filter>
    </FxCompile>
    <FxCompile Include="Core\Shaders\DoFCombineFastCS.hlsl">
      <Filter>Core\Shaders</Filter>
    </FxCompile>
    <FxCompile Include="Core\Shaders\DoFDebugBlueCS.hlsl">
      <Filter>Core\Shaders</Filter>
    </FxCompile>
    <FxCompile Include="Core\Shaders\DoFDebugGreenCS.hlsl">
      <Filter>Core\Shaders</Filter>
    </FxCompile>
    <FxCompile Include="Core\Shaders\DoFDebugRedCS.hlsl">
      <Filter>Core\Shaders</Filter>
    </FxCompile>
    <FxCompile Include="Core\Shaders\DoFMedianFilterCS.hlsl">
      <Filter>Core\Shaders</Filter>
    </FxCompile>
    <FxCompile Include="Core\Shaders\DoFMedianFilterFixupCS.hlsl">
      <Filter>Core\Shaders</Filter>
    </FxCompile>
    <FxCompile Include="Core\Shaders\DoFMedianFilterSepAlphaCS.hlsl">
      <Filter>Core\Shaders</Filter>
    </FxCompile>
    <FxCompile Include="Core\Shaders\DoFPass1CS.hlsl">
      <Filter>Core\Shaders</Filter>
    </FxCompile>
    <FxCompile Include="Core\Shaders\DoFPass2CS.hlsl">
      <Filter>Core\Shaders</Filter>
    </FxCompile>
    <FxCompile Include="Core\Shaders\DoFPass2DebugCS.hlsl">
      <Filter>Core\Shaders</Filter>
    </FxCompile>
    <FxCompile Include="Core\Shaders\DoFPass2FastCS.hlsl">
      <Filter>Core\Shaders</Filter>
    </FxCompile>
    <FxCompile Include="Core\Shaders\DoFPass2FixupCS.hlsl">
      <Filter>Core\Shaders</Filter>
    </FxCompile>
    <FxCompile Include="Core\Shaders\DoFPreFilterCS.hlsl">
      <Filter>Core\Shaders</Filter>
    </FxCompile>
    <FxCompile Include="Core\Shaders\DoFPreFilterFastCS.hlsl">
      <Filter>Core\Shaders</Filter>
    </FxCompile>
    <FxCompile Include="Core\Shaders\DoFPreFilterFixupCS.hlsl">
      <Filter>Core\Shaders</Filter>
    </FxCompile>
    <FxCompile Include="Core\Shaders\DoFTilePassCS.hlsl">
      <Filter>Core\Shaders</Filter>
    </FxCompile>
    <FxCompile Include="Core\Shaders\DoFTilePassFixupCS.hlsl">
      <Filter>Core\Shaders</Filter>
    </FxCompile>
    <FxCompile Include="Core\Shaders\DownsampleBloomAllCS.hlsl">
      <Filter>Core\Shaders</Filter>
    </FxCompile>
    <FxCompile Include="Core\Shaders\DownsampleBloomCS.hlsl">
      <Filter>Core\Shaders</Filter>
    </FxCompile>
    <FxCompile Include="Core\Shaders\DownsampleDepthPS.hlsl">
      <Filter>Core\Shaders</Filter>
    </FxCompile>
    <FxCompile Include="Core\Shaders\ExtractLumaCS.hlsl">
      <Filter>Core\Shaders</Filter>
    </FxCompile>
    <FxCompile Include="Core\Shaders\FXAAPass1_Luma2_CS.hlsl">
      <Filter>Core\Shaders</Filter>
    </FxCompile>
    <FxCompile Include="Core\Shaders\FXAAPass1_Luma_CS.hlsl">
      <Filter>Core\Shaders</Filter>
    </FxCompile>
    <FxCompile Include="Core\Shaders\FXAAPass1_RGB2_CS.hlsl">
      <Filter>Core\Shaders</Filter>
    </FxCompile>
    <FxCompile Include="Core\Shaders\FXAAPass1_RGB_CS.hlsl">
      <Filter>Core\Shaders</Filter>
    </FxCompile>
    <FxCompile Include="Core\Shaders\FXAAPass2H2CS.hlsl">
      <Filter>Core\Shaders</Filter>
    </FxCompile>
    <FxCompile Include="Core\Shaders\FXAAPass2HCS.hlsl">
      <Filter>Core\Shaders</Filter>
    </FxCompile>
    <FxCompile Include="Core\Shaders\FXAAPass2HDebug2CS.hlsl">
      <Filter>Core\Shaders</Filter>
    </FxCompile>
    <FxCompile Include="Core\Shaders\FXAAPass2HDebugCS.hlsl">
      <Filter>Core\Shaders</Filter>
    </FxCompile>
    <FxCompile Include="Core\Shaders\FXAAPass2V2CS.hlsl">
      <Filter>Core\Shaders</Filter>
    </FxCompile>
    <FxCompile Include="Core\Shaders\FXAAPass2VCS.hlsl">
      <Filter>Core\Shaders</Filter>
    </FxCompile>
    <FxCompile Include="Core\Shaders\FXAAPass2VDebug2CS.hlsl">
      <Filter>Core\Shaders</Filter>
    </FxCompile>
    <FxCompile Include="Core\Shaders\FXAAPass2VDebugCS.hlsl">
      <Filter>Core\Shaders</Filter>
    </FxCompile>
    <FxCompile Include="Core\Shaders\FXAAResolveWorkQueueCS.hlsl">
      <Filter>Core\Shaders</Filter>
    </FxCompile>
    <FxCompile Include="Core\Shaders\GenerateHistogramCS.hlsl">
      <Filter>Core\Shaders</Filter>
    </FxCompile>
    <FxCompile Include="Core\Shaders\GenerateMipsGammaCS.hlsl">
      <Filter>Core\Shaders</Filter>
    </FxCompile>
    <FxCompile Include="Core\Shaders\GenerateMipsGammaOddCS.hlsl">
      <Filter>Core\Shaders</Filter>
    </FxCompile>
    <FxCompile Include="Core\Shaders\GenerateMipsGammaOddXCS.hlsl">
      <Filter>Core\Shaders</Filter>
    </FxCompile>
    <FxCompile Include="Core\Shaders\GenerateMipsGammaOddYCS.hlsl">
      <Filter>Core\Shaders</Filter>
    </FxCompile>
    <FxCompile Include="Core\Shaders\GenerateMipsLinearCS.hlsl">
      <Filter>Core\Shaders</Filter>
    </FxCompile>
    <FxCompile Include="Core\Shaders\GenerateMipsLinearOddCS.hlsl">
      <Filter>Core\Shaders</Filter>
    </FxCompile>
    <FxCompile Include="Core\Shaders\GenerateMipsLinearOddXCS.hlsl">
      <Filter>Core\Shaders</Filter>
    </FxCompile>
    <FxCompile Include="Core\Shaders\GenerateMipsLinearOddYCS.hlsl">
      <Filter>Core\Shaders</Filter>
    </FxCompile>
    <FxCompile Include="Core\Shaders\LanczosCS.hlsl">
      <Filter>Core\Shaders</Filter>
    </FxCompile>
    <FxCompile Include="Core\Shaders\LanczosFast16CS.hlsl">
      <Filter>Core\Shaders</Filter>
    </FxCompile>
    <FxCompile Include="Core\Shaders\LanczosFast24CS.hlsl">
      <Filter>Core\Shaders</Filter>
    </FxCompile>
    <FxCompile Include="Core\Shaders\LanczosFast32CS.hlsl">
      <Filter>Core\Shaders</Filter>
    </FxCompile>
    <FxCompile Include="Core\Shaders\LanczosHorizontalPS.hlsl">
      <Filter>Core\Shaders</Filter>
    </FxCompile>
    <FxCompile Include="Core\Shaders\LanczosVerticalPS.hlsl">
      <Filter>Core\Shaders</Filter>
    </FxCompile>
    <FxCompile Include="Core\Shaders\LinearizeDepthCS.hlsl">
      <Filter>Core\Shaders</Filter>
    </FxCompile>
    <FxCompile Include="Core\Shaders\MagnifyPixelsPS.hlsl">
      <Filter>Core\Shaders</Filter>
    </FxCompile>
    <FxCompile Include="Core\Shaders\MotionBlurFinalPassCS.hlsl">
      <Filter>Core\Shaders</Filter>
    </FxCompile>
    <FxCompile Include="Core\Shaders\MotionBlurFinalPassPS.hlsl">
      <Filter>Core\Shaders</Filter>
    </FxCompile>
    <FxCompile Include="Core\Shaders\MotionBlurPrePassCS.hlsl">
      <Filter>Core\Shaders</Filter>
    </FxCompile>
    <FxCompile Include="Core\Shaders\ParticleBinCullingCS.hlsl">
      <Filter>Core\Shaders</Filter>
    </FxCompile>
    <FxCompile Include="Core\Shaders\ParticleDepthBoundsCS.hlsl">
      <Filter>Core\Shaders</Filter>
    </FxCompile>
    <FxCompile Include="Core\Shaders\ParticleDispatchIndirectArgsCS.hlsl">
      <Filter>Core\Shaders</Filter>
    </FxCompile>
    <FxCompile Include="Core\Shaders\ParticleFinalDispatchIndirectArgsCS.hlsl">
      <Filter>Core\Shaders</Filter>
    </FxCompile>
    <FxCompile Include="Core\Shaders\ParticleLargeBinCullingCS.hlsl">
      <Filter>Core\Shaders</Filter>
    </FxCompile>
    <FxCompile Include="Core\Shaders\ParticleNoSortVS.hlsl">
      <Filter>Core\Shaders</Filter>
    </FxCompile>
    <FxCompile Include="Core\Shaders\ParticlePS.hlsl">
      <Filter>Core\Shaders</Filter>
    </FxCompile>
    <FxCompile Include="Core\Shaders\ParticlePreSortCS.hlsl">
      <Filter>Core\Shaders</Filter>
    </FxCompile>
    <FxCompile Include="Core\Shaders\ParticleSortIndirectArgsCS.hlsl">
      <Filter>Core\Shaders</Filter>
    </FxCompile>
    <FxCompile Include="Core\Shaders\ParticleSpawnCS.hlsl">
      <Filter>Core\Shaders</Filter>
    </FxCompile>
    <FxCompile Include="Core\Shaders\ParticleTileCullingCS.hlsl">
      <Filter>Core\Shaders</Filter>
    </FxCompile>
    <FxCompile Include="Core\Shaders\ParticleTileRender2CS.hlsl">
      <Filter>Core\Shaders</Filter>
    </FxCompile>
    <FxCompile Include="Core\Shaders\ParticleTileRenderCS.hlsl">
      <Filter>Core\Shaders</Filter>
    </FxCompile>
    <FxCompile Include="Core\Shaders\ParticleTileRenderFast2CS.hlsl">
      <Filter>Core\Shaders</Filter>
    </FxCompile>
    <FxCompile Include="Core\Shaders\ParticleTileRenderFastCS.hlsl">
      <Filter>Core\Shaders</Filter>
    </FxCompile>
    <FxCompile Include="Core\Shaders\ParticleTileRenderFastDynamic2CS.hlsl">
      <Filter>Core\Shaders</Filter>
    </FxCompile>
    <FxCompile Include="Core\Shaders\ParticleTileRenderFastDynamicCS.hlsl">
      <Filter>Core\Shaders</Filter>
    </FxCompile>
    <FxCompile Include="Core\Shaders\ParticleTileRenderFastLowRes2CS.hlsl">
      <Filter>Core\Shaders</Filter>
    </FxCompile>
    <FxCompile Include="Core\Shaders\ParticleTileRenderFastLowResCS.hlsl">
      <Filter>Core\Shaders</Filter>
    </FxCompile>
    <FxCompile Include="Core\Shaders\ParticleTileRenderSlowDynamic2CS.hlsl">
      <Filter>Core\Shaders</Filter>
    </FxCompile>
    <FxCompile Include="Core\Shaders\ParticleTileRenderSlowDynamicCS.hlsl">
      <Filter>Core\Shaders</Filter>
    </FxCompile>
    <FxCompile Include="Core\Shaders\ParticleTileRenderSlowLowRes2CS.hlsl">
      <Filter>Core\Shaders</Filter>
    </FxCompile>
    <FxCompile Include="Core\Shaders\ParticleTileRenderSlowLowResCS.hlsl">
      <Filter>Core\Shaders</Filter>
    </FxCompile>
    <FxCompile Include="Core\Shaders\ParticleUpdateCS.hlsl">
      <Filter>Core\Shaders</Filter>
    </FxCompile>
    <FxCompile Include="Core\Shaders\ParticleVS.hlsl">
      <Filter>Core\Shaders</Filter>
    </FxCompile>
    <FxCompile Include="Core\Shaders\PerfGraphBackgroundVS.hlsl">
      <Filter>Core\Shaders</Filter>
    </FxCompile>
    <FxCompile Include="Core\Shaders\PerfGraphPS.hlsl">
      <Filter>Core\Shaders</Filter>
    </FxCompile>
    <FxCompile Include="Core\Shaders\PerfGraphVS.hlsl">
      <Filter>Core\Shaders</Filter>
    </FxCompile>
    <FxCompile Include="Core\Shaders\PresentHDRPS.hlsl">
      <Filter>Core\Shaders</Filter>
    </FxCompile>
    <FxCompile Include="Core\Shaders\PresentSDRPS.hlsl">
      <Filter>Core\Shaders</Filter>
    </FxCompile>
    <FxCompile Include="Core\Shaders\ResolveTAACS.hlsl">
      <Filter>Core\Shaders</Filter>
    </FxCompile>
    <FxCompile Include="Core\Shaders\ScaleAndCompositeHDRPS.hlsl">
      <Filter>Core\Shaders</Filter>
    </FxCompile>
    <FxCompile Include="Core\Shaders\ScaleAndCompositeSDRPS.hlsl">
      <Filter>Core\Shaders</Filter>
    </FxCompile>
    <FxCompile Include="Core\Shaders\ScreenQuadCommonVS.hlsl">
      <Filter>Core\Shaders</Filter>
    </FxCompile>
    <FxCompile Include="Core\Shaders\ScreenQuadPresentVS.hlsl">
      <Filter>Core\Shaders</Filter>
    </FxCompile>
    <FxCompile Include="Core\Shaders\SharpenTAACS.hlsl">
      <Filter>Core\Shaders</Filter>
    </FxCompile>
    <FxCompile Include="Core\Shaders\SharpeningUpsampleGammaPS.hlsl">
      <Filter>Core\Shaders</Filter>
    </FxCompile>
    <FxCompile Include="Core\Shaders\SharpeningUpsamplePS.hlsl">
      <Filter>Core\Shaders</Filter>
    </FxCompile>
    <FxCompile Include="Core\Shaders\TemporalBlendCS.hlsl">
      <Filter>Core\Shaders</Filter>
    </FxCompile>
    <FxCompile Include="Core\Shaders\TextAntialiasPS.hlsl">
      <Filter>Core\Shaders</Filter>
    </FxCompile>
    <FxCompile Include="Core\Shaders\TextShadowPS.hlsl">
      <Filter>Core\Shaders</Filter>
    </FxCompile>
    <FxCompile Include="Core\Shaders\TextVS.hlsl">
      <Filter>Core\Shaders</Filter>
    </FxCompile>
    <FxCompile Include="Core\Shaders\ToneMap2CS.hlsl">
      <Filter>Core\Shaders</Filter>
    </FxCompile>
    <FxCompile Include="Core\Shaders\ToneMapCS.hlsl">
      <Filter>Core\Shaders</Filter>
    </FxCompile>
    <FxCompile Include="Core\Shaders\ToneMapHDR2CS.hlsl">
      <Filter>Core\Shaders</Filter>
    </FxCompile>
    <FxCompile Include="Core\Shaders\ToneMapHDRCS.hlsl">
      <Filter>Core\Shaders</Filter>
    </FxCompile>
    <FxCompile Include="Core\Shaders\UpsampleAndBlurCS.hlsl">
      <Filter>Core\Shaders</Filter>
    </FxCompile>
  </ItemGroup>
  <ItemGroup>
    <None Include="Core\Shaders\AoBlurAndUpsampleCS.hlsli">
      <Filter>Core\Shaders</Filter>
    </None>
    <None Include="Core\Shaders\AoRenderCS.hlsli">
      <Filter>Core\Shaders</Filter>
    </None>
    <None Include="Core\Shaders\BicubicFilterFunctions.hlsli">
      <Filter>Core\Shaders</Filter>
    </None>
    <None Include="Core\Shaders\BitonicSortCommon.hlsli">
      <Filter>Core\Shaders</Filter>
    </None>
    <None Include="Core\Shaders\ColorSpaceUtility.hlsli">
      <Filter>Core\Shaders</Filter>
    </None>
    <None Include="Core\Shaders\CommonRS.hlsli">
      <Filter>Core\Shaders</Filter>
    </None>
    <None Include="Core\Shaders\DoFCommon.hlsli">
      <Filter>Core\Shaders</Filter>
    </None>
    <None Include="Core\Shaders\DoFRS.hlsli">
      <Filter>Core\Shaders</Filter>
    </None>
    <None Include="Core\Shaders\FXAAPass1CS.hlsli">
      <Filter>Core\Shaders</Filter>
    </None>
    <None Include="Core\Shaders\FXAAPass2CS.hlsli">
      <Filter>Core\Shaders</Filter>
    </None>
    <None Include="Core\Shaders\FXAARootSignature.hlsli">
      <Filter>Core\Shaders</Filter>
    </None>
    <None Include="Core\Shaders\GenerateMipsCS.hlsli">
      <Filter>Core\Shaders</Filter>
    </None>
    <None Include="Core\Shaders\LanczosFunctions.hlsli">
      <Filter>Core\Shaders</Filter>
    </None>
    <None Include="Core\Shaders\MotionBlurRS.hlsli">
      <Filter>Core\Shaders</Filter>
    </None>
    <None Include="Core\Shaders\ParticleRS.hlsli">
      <Filter>Core\Shaders</Filter>
    </None>
    <None Include="Core\Shaders\ParticleUpdateCommon.hlsli">
      <Filter>Core\Shaders</Filter>
    </None>
    <None Include="Core\Shaders\ParticleUtility.hlsli">
      <Filter>Core\Shaders</Filter>
    </None>
    <None Include="Core\Shaders\PerfGraphRS.hlsli">
      <Filter>Core\Shaders</Filter>
    </None>
    <None Include="Core\Shaders\PixelPacking.hlsli">
      <Filter>Core\Shaders</Filter>
    </None>
    <None Include="Core\Shaders\PixelPacking_R11G11B10.hlsli">
      <Filter>Core\Shaders</Filter>
    </None>
    <None Include="Core\Shaders\PixelPacking_RGBE.hlsli">
      <Filter>Core\Shaders</Filter>
    </None>
    <None Include="Core\Shaders\PixelPacking_RGBM.hlsli">
      <Filter>Core\Shaders</Filter>
    </None>
    <None Include="Core\Shaders\PixelPacking_Velocity.hlsli">
      <Filter>Core\Shaders</Filter>
    </None>
    <None Include="Core\Shaders\PostEffectsRS.hlsli">
      <Filter>Core\Shaders</Filter>
    </None>
    <None Include="Core\Shaders\PresentRS.hlsli">
      <Filter>Core\Shaders</Filter>
    </None>
    <None Include="Core\Shaders\SSAORS.hlsli">
      <Filter>Core\Shaders</Filter>
    </None>
    <None Include="Core\Shaders\ShaderUtility.hlsli">
      <Filter>Core\Shaders</Filter>
    </None>
    <None Include="Core\Shaders\TextRS.hlsli">
      <Filter>Core\Shaders</Filter>
    </None>
    <None Include="Core\Shaders\ToneMappingUtility.hlsli">
      <Filter>Core\Shaders</Filter>
    </None>
    <None Include="packages.config" />
  </ItemGroup>
</Project>