<?xml version="1.0" encoding="utf-8"?>
<Project ToolsVersion="4.0" xmlns="http://schemas.microsoft.com/developer/msbuild/2003">
  <ItemGroup>
    <Filter Include="Corona">
      <UniqueIdentifier>{C7B041AC-B352-6C82-9C0D-80D6884EF3D2}</UniqueIdentifier>
    </Filter>
    <Filter Include="Utility">
      <UniqueIdentifier>{594615A9-C525-9444-CE3D-1F1B3A9CFAA5}</UniqueIdentifier>
    </Filter>
  </ItemGroup>
  <ItemGroup>
    <ClInclude Include="src\Corona.h" />
    <ClInclude Include="src\Application.h">
      <Filter>Corona</Filter>
    </ClInclude>
    <ClInclude Include="src\Core.h">
      <Filter>Corona</Filter>
    </ClInclude>
    <ClInclude Include="src\ImguiManager.h">
      <Filter>Corona</Filter>
    </ClInclude>
    <ClInclude Include="src\Log.h">
      <Filter>Corona</Filter>
    </ClInclude>
    <ClInclude Include="src\Sandbox.h">
      <Filter>Corona</Filter>
    </ClInclude>
    <ClInclude Include="src\Camera.h">
      <Filter>Utility</Filter>
    </ClInclude>
    <ClInclude Include="src\DDSTextureLoader.h">
      <Filter>Utility</Filter>
    </ClInclude>
    <ClInclude Include="src\GameTimer.h">
      <Filter>Utility</Filter>
    </ClInclude>
    <ClInclude Include="src\GeometryGenerator.h">
      <Filter>Utility</Filter>
    </ClInclude>
    <ClInclude Include="src\MathHelper.h">
      <Filter>Utility</Filter>
    </ClInclude>
    <ClInclude Include="src\UploadBuffer.h">
      <Filter>Utility</Filter>
    </ClInclude>
    <ClInclude Include="src\d3dUtil.h">
      <Filter>Utility</Filter>
    </ClInclude>
    <ClInclude Include="src\d3dx12.h">
      <Filter>Utility</Filter>
    </ClInclude>
    <ClInclude Include="src\crpch.h" />
    <ClInclude Include="src\Geometry.h" />
    <ClInclude Include="src\FrameResource.h" />
  </ItemGroup>
  <ItemGroup>
    <ClCompile Include="src\Application.cpp">
      <Filter>Corona</Filter>
    </ClCompile>
    <ClCompile Include="src\ImguiManager.cpp">
      <Filter>Corona</Filter>
    </ClCompile>
    <ClCompile Include="src\Log.cpp">
      <Filter>Corona</Filter>
    </ClCompile>
    <ClCompile Include="src\Sandbox.cpp">
      <Filter>Corona</Filter>
    </ClCompile>
    <ClCompile Include="src\Camera.cpp">
      <Filter>Utility</Filter>
    </ClCompile>
    <ClCompile Include="src\DDSTextureLoader.cpp">
      <Filter>Utility</Filter>
    </ClCompile>
    <ClCompile Include="src\GameTimer.cpp">
      <Filter>Utility</Filter>
    </ClCompile>
    <ClCompile Include="src\GeometryGenerator.cpp">
      <Filter>Utility</Filter>
    </ClCompile>
    <ClCompile Include="src\MathHelper.cpp">
      <Filter>Utility</Filter>
    </ClCompile>
    <ClCompile Include="src\d3dUtil.cpp">
      <Filter>Utility</Filter>
    </ClCompile>
    <ClCompile Include="src\crpch.cpp" />
    <ClCompile Include="src\Geometry.cpp" />
    <ClCompile Include="src\FrameResource.cpp" />
  </ItemGroup>
</Project>